
Microsoft Visual Studio Solution File, Format Version 12.00
# Visual Studio Version 16
VisualStudioVersion = 16.0.31410.357
MinimumVisualStudioVersion = 10.0.40219.1
Project("{FAE04EC0-301F-11D3-BF4B-00C04F79EFBC}") = "Shop", "Shop\Shop.csproj", "{A63A257F-113B-4529-959F-5C1E1713253E}"
EndProject
Global
	GlobalSection(SolutionConfigurationPlatforms) = preSolution
		Debug|Any CPU = Debug|Any CPU
		Release|Any CPU = Release|Any CPU
	EndGlobalSection
	GlobalSection(ProjectConfigurationPlatforms) = postSolution
		{A63A257F-113B-4529-959F-5C1E1713253E}.Debug|Any CPU.ActiveCfg = Debug|Any CPU
		{A63A257F-113B-4529-959F-5C1E1713253E}.Debug|Any CPU.Build.0 = Debug|Any CPU
		{A63A257F-113B-4529-959F-5C1E1713253E}.Release|Any CPU.ActiveCfg = Release|Any CPU
		{A63A257F-113B-4529-959F-5C1E1713253E}.Release|Any CPU.Build.0 = Release|Any CPU
	EndGlobalSection
	GlobalSection(SolutionProperties) = preSolution
		HideSolutionNode = FALSE
	EndGlobalSection
	GlobalSection(ExtensibilityGlobals) = postSolution
		SolutionGuid = {30564D1A-42EE-4B6C-AC81-76210B02D4E0}
	EndGlobalSection
EndGlobal
